// !$*UTF8*$!
{
	archiveVersion = 1;
	classes = {
	};
	objectVersion = 55;
	objects = {

/* Begin PBXBuildFile section */
		A88782E72806C54700A643F2 /* AppDelegate.swift in Sources */ = {isa = PBXBuildFile; fileRef = A88782E62806C54700A643F2 /* AppDelegate.swift */; };
		A88782E92806C54700A643F2 /* SceneDelegate.swift in Sources */ = {isa = PBXBuildFile; fileRef = A88782E82806C54700A643F2 /* SceneDelegate.swift */; };
		A88782EB2806C54700A643F2 /* ViewController.swift in Sources */ = {isa = PBXBuildFile; fileRef = A88782EA2806C54700A643F2 /* ViewController.swift */; };
		A88782EE2806C54700A643F2 /* Main.storyboard in Resources */ = {isa = PBXBuildFile; fileRef = A88782EC2806C54700A643F2 /* Main.storyboard */; };
		A88782F02806C54A00A643F2 /* Assets.xcassets in Resources */ = {isa = PBXBuildFile; fileRef = A88782EF2806C54A00A643F2 /* Assets.xcassets */; };
		A88782F32806C54A00A643F2 /* LaunchScreen.storyboard in Resources */ = {isa = PBXBuildFile; fileRef = A88782F12806C54A00A643F2 /* LaunchScreen.storyboard */; };
		A88783002806CB6A00A643F2 /* Queue.swift in Sources */ = {isa = PBXBuildFile; fileRef = A88782FF2806CB6A00A643F2 /* Queue.swift */; };
		A88783022806CEB100A643F2 /* DataBaseModel.swift in Sources */ = {isa = PBXBuildFile; fileRef = A88783012806CEB100A643F2 /* DataBaseModel.swift */; };
		A88783042806CFE900A643F2 /* QueueModel.swift in Sources */ = {isa = PBXBuildFile; fileRef = A88783032806CFE900A643F2 /* QueueModel.swift */; };
		A88783062806D14E00A643F2 /* RealmManager.swift in Sources */ = {isa = PBXBuildFile; fileRef = A88783052806D14E00A643F2 /* RealmManager.swift */; };
		F5BD66DD280D432C00BEA14D /* labelmap.txt in Resources */ = {isa = PBXBuildFile; fileRef = F5BD66DB280D432C00BEA14D /* labelmap.txt */; };
		F5BD66DE280D432C00BEA14D /* detect.tflite in Resources */ = {isa = PBXBuildFile; fileRef = F5BD66DC280D432C00BEA14D /* detect.tflite */; };
		F5BD66E1280D43B200BEA14D /* CVPixelBufferExtension.swift in Sources */ = {isa = PBXBuildFile; fileRef = F5BD66E0280D43B200BEA14D /* CVPixelBufferExtension.swift */; };
		F5BD66E3280D43DF00BEA14D /* UIColorExtension.swift in Sources */ = {isa = PBXBuildFile; fileRef = F5BD66E2280D43DF00BEA14D /* UIColorExtension.swift */; };
		F5BD66EB280D5A6D00BEA14D /* YOLOv3Int8LUT.mlmodel in Sources */ = {isa = PBXBuildFile; fileRef = F5BD66EA280D5A6D00BEA14D /* YOLOv3Int8LUT.mlmodel */; };
		F5BD66EF280D5C6700BEA14D /* ImagePredictor.swift in Sources */ = {isa = PBXBuildFile; fileRef = F5BD66EE280D5C6700BEA14D /* ImagePredictor.swift */; };
		F5BD66F2280D5C8900BEA14D /* CGImagePropertyOrientation+UIImageOrientation.swift in Sources */ = {isa = PBXBuildFile; fileRef = F5BD66F0280D5C8900BEA14D /* CGImagePropertyOrientation+UIImageOrientation.swift */; };
		F5BD66F3280D5C8900BEA14D /* VNClassificationObservation+confidenceString.swift in Sources */ = {isa = PBXBuildFile; fileRef = F5BD66F1280D5C8900BEA14D /* VNClassificationObservation+confidenceString.swift */; };
		F5BD66F5280D645700BEA14D /* DeepLabV3Int8LUT.mlmodel in Sources */ = {isa = PBXBuildFile; fileRef = F5BD66F4280D645700BEA14D /* DeepLabV3Int8LUT.mlmodel */; };
		F5BD66F7280D6BE900BEA14D /* ImageSegmentator.swift in Sources */ = {isa = PBXBuildFile; fileRef = F5BD66F6280D6BE900BEA14D /* ImageSegmentator.swift */; };
		F5BD66FA280D6D0100BEA14D /* UIKitExtension.swift in Sources */ = {isa = PBXBuildFile; fileRef = F5BD66F8280D6D0100BEA14D /* UIKitExtension.swift */; };
		F5BD66FB280D6D0100BEA14D /* TFLiteExtension.swift in Sources */ = {isa = PBXBuildFile; fileRef = F5BD66F9280D6D0100BEA14D /* TFLiteExtension.swift */; };
		F5BD66FE280D6E1B00BEA14D /* deeplabv3_257_mv_gpu.tflite in Resources */ = {isa = PBXBuildFile; fileRef = F5BD66FC280D6E1B00BEA14D /* deeplabv3_257_mv_gpu.tflite */; };
		F5BD66FF280D6E1B00BEA14D /* deeplabv3_labels.json in Resources */ = {isa = PBXBuildFile; fileRef = F5BD66FD280D6E1B00BEA14D /* deeplabv3_labels.json */; };
		F5BD6701280D7EB700BEA14D /* UIImage.swift in Sources */ = {isa = PBXBuildFile; fileRef = F5BD6700280D7EB700BEA14D /* UIImage.swift */; };
		F5F445272807A5C4003A78C6 /* Realm in Frameworks */ = {isa = PBXBuildFile; productRef = F5F445262807A5C4003A78C6 /* Realm */; };
		F5F445292807A5C4003A78C6 /* RealmSwift in Frameworks */ = {isa = PBXBuildFile; productRef = F5F445282807A5C4003A78C6 /* RealmSwift */; };
		F5F4453228090BAC003A78C6 /* Toast in Frameworks */ = {isa = PBXBuildFile; productRef = F5F4453128090BAC003A78C6 /* Toast */; };
		FE45F54CAB7B5EB9908F89DE /* Pods_DBSyncTest.framework in Frameworks */ = {isa = PBXBuildFile; fileRef = 1025EA7FC6658BDBC0DF57A0 /* Pods_DBSyncTest.framework */; };
/* End PBXBuildFile section */

/* Begin PBXFileReference section */
		1025EA7FC6658BDBC0DF57A0 /* Pods_DBSyncTest.framework */ = {isa = PBXFileReference; explicitFileType = wrapper.framework; includeInIndex = 0; path = Pods_DBSyncTest.framework; sourceTree = BUILT_PRODUCTS_DIR; };
		5B070AE62583CED5CD06E731 /* Pods-DBSyncTest.release.xcconfig */ = {isa = PBXFileReference; includeInIndex = 1; lastKnownFileType = text.xcconfig; name = "Pods-DBSyncTest.release.xcconfig"; path = "Target Support Files/Pods-DBSyncTest/Pods-DBSyncTest.release.xcconfig"; sourceTree = "<group>"; };
		950353D849F93C990C035ADE /* Pods-DBSyncTest.debug.xcconfig */ = {isa = PBXFileReference; includeInIndex = 1; lastKnownFileType = text.xcconfig; name = "Pods-DBSyncTest.debug.xcconfig"; path = "Target Support Files/Pods-DBSyncTest/Pods-DBSyncTest.debug.xcconfig"; sourceTree = "<group>"; };
		A88782E32806C54700A643F2 /* DBSyncTest.app */ = {isa = PBXFileReference; explicitFileType = wrapper.application; includeInIndex = 0; path = DBSyncTest.app; sourceTree = BUILT_PRODUCTS_DIR; };
		A88782E62806C54700A643F2 /* AppDelegate.swift */ = {isa = PBXFileReference; lastKnownFileType = sourcecode.swift; path = AppDelegate.swift; sourceTree = "<group>"; };
		A88782E82806C54700A643F2 /* SceneDelegate.swift */ = {isa = PBXFileReference; lastKnownFileType = sourcecode.swift; path = SceneDelegate.swift; sourceTree = "<group>"; };
		A88782EA2806C54700A643F2 /* ViewController.swift */ = {isa = PBXFileReference; lastKnownFileType = sourcecode.swift; path = ViewController.swift; sourceTree = "<group>"; };
		A88782ED2806C54700A643F2 /* Base */ = {isa = PBXFileReference; lastKnownFileType = file.storyboard; name = Base; path = Base.lproj/Main.storyboard; sourceTree = "<group>"; };
		A88782EF2806C54A00A643F2 /* Assets.xcassets */ = {isa = PBXFileReference; lastKnownFileType = folder.assetcatalog; path = Assets.xcassets; sourceTree = "<group>"; };
		A88782F22806C54A00A643F2 /* Base */ = {isa = PBXFileReference; lastKnownFileType = file.storyboard; name = Base; path = Base.lproj/LaunchScreen.storyboard; sourceTree = "<group>"; };
		A88782F42806C54A00A643F2 /* Info.plist */ = {isa = PBXFileReference; lastKnownFileType = text.plist.xml; path = Info.plist; sourceTree = "<group>"; };
		A88782FF2806CB6A00A643F2 /* Queue.swift */ = {isa = PBXFileReference; lastKnownFileType = sourcecode.swift; path = Queue.swift; sourceTree = "<group>"; };
		A88783012806CEB100A643F2 /* DataBaseModel.swift */ = {isa = PBXFileReference; lastKnownFileType = sourcecode.swift; path = DataBaseModel.swift; sourceTree = "<group>"; };
		A88783032806CFE900A643F2 /* QueueModel.swift */ = {isa = PBXFileReference; lastKnownFileType = sourcecode.swift; path = QueueModel.swift; sourceTree = "<group>"; };
		A88783052806D14E00A643F2 /* RealmManager.swift */ = {isa = PBXFileReference; lastKnownFileType = sourcecode.swift; path = RealmManager.swift; sourceTree = "<group>"; };
		F5BD66DB280D432C00BEA14D /* labelmap.txt */ = {isa = PBXFileReference; fileEncoding = 4; lastKnownFileType = text; name = labelmap.txt; path = ../../../examples/lite/examples/object_detection/ios/ObjectDetection/Model/labelmap.txt; sourceTree = "<group>"; };
		F5BD66DC280D432C00BEA14D /* detect.tflite */ = {isa = PBXFileReference; lastKnownFileType = file; name = detect.tflite; path = ../../../examples/lite/examples/object_detection/ios/ObjectDetection/Model/detect.tflite; sourceTree = "<group>"; };
		F5BD66E0280D43B200BEA14D /* CVPixelBufferExtension.swift */ = {isa = PBXFileReference; fileEncoding = 4; lastKnownFileType = sourcecode.swift; name = CVPixelBufferExtension.swift; path = ../../../examples/lite/examples/object_detection/ios/ObjectDetection/Extensions/CVPixelBufferExtension.swift; sourceTree = "<group>"; };
		F5BD66E2280D43DF00BEA14D /* UIColorExtension.swift */ = {isa = PBXFileReference; fileEncoding = 4; lastKnownFileType = sourcecode.swift; name = UIColorExtension.swift; path = ../../../examples/lite/examples/object_detection/ios/ObjectDetection/Extensions/UIColorExtension.swift; sourceTree = "<group>"; };
		F5BD66EA280D5A6D00BEA14D /* YOLOv3Int8LUT.mlmodel */ = {isa = PBXFileReference; lastKnownFileType = file.mlmodel; path = YOLOv3Int8LUT.mlmodel; sourceTree = "<group>"; };
		F5BD66EE280D5C6700BEA14D /* ImagePredictor.swift */ = {isa = PBXFileReference; fileEncoding = 4; lastKnownFileType = sourcecode.swift; path = ImagePredictor.swift; sourceTree = "<group>"; };
		F5BD66F0280D5C8900BEA14D /* CGImagePropertyOrientation+UIImageOrientation.swift */ = {isa = PBXFileReference; fileEncoding = 4; lastKnownFileType = sourcecode.swift; path = "CGImagePropertyOrientation+UIImageOrientation.swift"; sourceTree = "<group>"; };
		F5BD66F1280D5C8900BEA14D /* VNClassificationObservation+confidenceString.swift */ = {isa = PBXFileReference; fileEncoding = 4; lastKnownFileType = sourcecode.swift; path = "VNClassificationObservation+confidenceString.swift"; sourceTree = "<group>"; };
		F5BD66F4280D645700BEA14D /* DeepLabV3Int8LUT.mlmodel */ = {isa = PBXFileReference; lastKnownFileType = file.mlmodel; path = DeepLabV3Int8LUT.mlmodel; sourceTree = "<group>"; };
		F5BD66F6280D6BE900BEA14D /* ImageSegmentator.swift */ = {isa = PBXFileReference; fileEncoding = 4; lastKnownFileType = sourcecode.swift; path = ImageSegmentator.swift; sourceTree = "<group>"; };
		F5BD66F8280D6D0100BEA14D /* UIKitExtension.swift */ = {isa = PBXFileReference; fileEncoding = 4; lastKnownFileType = sourcecode.swift; path = UIKitExtension.swift; sourceTree = "<group>"; };
		F5BD66F9280D6D0100BEA14D /* TFLiteExtension.swift */ = {isa = PBXFileReference; fileEncoding = 4; lastKnownFileType = sourcecode.swift; path = TFLiteExtension.swift; sourceTree = "<group>"; };
		F5BD66FC280D6E1B00BEA14D /* deeplabv3_257_mv_gpu.tflite */ = {isa = PBXFileReference; lastKnownFileType = file; path = deeplabv3_257_mv_gpu.tflite; sourceTree = "<group>"; };
		F5BD66FD280D6E1B00BEA14D /* deeplabv3_labels.json */ = {isa = PBXFileReference; fileEncoding = 4; lastKnownFileType = text.json; path = deeplabv3_labels.json; sourceTree = "<group>"; };
		F5BD6700280D7EB700BEA14D /* UIImage.swift */ = {isa = PBXFileReference; lastKnownFileType = sourcecode.swift; path = UIImage.swift; sourceTree = "<group>"; };
/* End PBXFileReference section */

/* Begin PBXFrameworksBuildPhase section */
		A88782E02806C54700A643F2 /* Frameworks */ = {
			isa = PBXFrameworksBuildPhase;
			buildActionMask = 2147483647;
			files = (
				F5F4453228090BAC003A78C6 /* Toast in Frameworks */,
				F5F445292807A5C4003A78C6 /* RealmSwift in Frameworks */,
				F5F445272807A5C4003A78C6 /* Realm in Frameworks */,
				FE45F54CAB7B5EB9908F89DE /* Pods_DBSyncTest.framework in Frameworks */,
			);
			runOnlyForDeploymentPostprocessing = 0;
		};
/* End PBXFrameworksBuildPhase section */

/* Begin PBXGroup section */
		463872836C377A992A1558F8 /* Pods */ = {
			isa = PBXGroup;
			children = (
				950353D849F93C990C035ADE /* Pods-DBSyncTest.debug.xcconfig */,
				5B070AE62583CED5CD06E731 /* Pods-DBSyncTest.release.xcconfig */,
			);
			path = Pods;
			sourceTree = "<group>";
		};
		6048E1342EB5F816D430723C /* Frameworks */ = {
			isa = PBXGroup;
			children = (
				1025EA7FC6658BDBC0DF57A0 /* Pods_DBSyncTest.framework */,
			);
			name = Frameworks;
			sourceTree = "<group>";
		};
		A88782DA2806C54700A643F2 = {
			isa = PBXGroup;
			children = (
				A88782E52806C54700A643F2 /* DBSyncTest */,
				A88782E42806C54700A643F2 /* Products */,
				463872836C377A992A1558F8 /* Pods */,
				6048E1342EB5F816D430723C /* Frameworks */,
			);
			sourceTree = "<group>";
		};
		A88782E42806C54700A643F2 /* Products */ = {
			isa = PBXGroup;
			children = (
				A88782E32806C54700A643F2 /* DBSyncTest.app */,
			);
			name = Products;
			sourceTree = "<group>";
		};
		A88782E52806C54700A643F2 /* DBSyncTest */ = {
			isa = PBXGroup;
			children = (
				F5BD66DF280D43A900BEA14D /* Extension */,
				F5BD66DA280D432300BEA14D /* Model */,
				F5BD66EE280D5C6700BEA14D /* ImagePredictor.swift */,
				A88782FF2806CB6A00A643F2 /* Queue.swift */,
				A88782E62806C54700A643F2 /* AppDelegate.swift */,
				A88782E82806C54700A643F2 /* SceneDelegate.swift */,
				A88782EA2806C54700A643F2 /* ViewController.swift */,
				A88783052806D14E00A643F2 /* RealmManager.swift */,
				A88783012806CEB100A643F2 /* DataBaseModel.swift */,
				A88782EC2806C54700A643F2 /* Main.storyboard */,
				A88782EF2806C54A00A643F2 /* Assets.xcassets */,
				A88782F12806C54A00A643F2 /* LaunchScreen.storyboard */,
				A88782F42806C54A00A643F2 /* Info.plist */,
				A88783032806CFE900A643F2 /* QueueModel.swift */,
				F5BD66F6280D6BE900BEA14D /* ImageSegmentator.swift */,
			);
			path = DBSyncTest;
			sourceTree = "<group>";
		};
		F5BD66DA280D432300BEA14D /* Model */ = {
			isa = PBXGroup;
			children = (
				F5BD66FC280D6E1B00BEA14D /* deeplabv3_257_mv_gpu.tflite */,
				F5BD66FD280D6E1B00BEA14D /* deeplabv3_labels.json */,
				F5BD66F4280D645700BEA14D /* DeepLabV3Int8LUT.mlmodel */,
				F5BD66EA280D5A6D00BEA14D /* YOLOv3Int8LUT.mlmodel */,
				F5BD66DC280D432C00BEA14D /* detect.tflite */,
				F5BD66DB280D432C00BEA14D /* labelmap.txt */,
			);
			path = Model;
			sourceTree = "<group>";
		};
		F5BD66DF280D43A900BEA14D /* Extension */ = {
			isa = PBXGroup;
			children = (
				F5BD66F9280D6D0100BEA14D /* TFLiteExtension.swift */,
				F5BD66F8280D6D0100BEA14D /* UIKitExtension.swift */,
				F5BD66F0280D5C8900BEA14D /* CGImagePropertyOrientation+UIImageOrientation.swift */,
				F5BD66F1280D5C8900BEA14D /* VNClassificationObservation+confidenceString.swift */,
				F5BD66E2280D43DF00BEA14D /* UIColorExtension.swift */,
				F5BD66E0280D43B200BEA14D /* CVPixelBufferExtension.swift */,
				F5BD6700280D7EB700BEA14D /* UIImage.swift */,
			);
			path = Extension;
			sourceTree = "<group>";
		};
/* End PBXGroup section */

/* Begin PBXNativeTarget section */
		A88782E22806C54700A643F2 /* DBSyncTest */ = {
			isa = PBXNativeTarget;
			buildConfigurationList = A88782F72806C54A00A643F2 /* Build configuration list for PBXNativeTarget "DBSyncTest" */;
			buildPhases = (
				5B7B75718B69B7CAEF304966 /* [CP] Check Pods Manifest.lock */,
				A88782DF2806C54700A643F2 /* Sources */,
				A88782E02806C54700A643F2 /* Frameworks */,
				A88782E12806C54700A643F2 /* Resources */,
			);
			buildRules = (
			);
			dependencies = (
			);
			name = DBSyncTest;
			packageProductDependencies = (
				F5F445262807A5C4003A78C6 /* Realm */,
				F5F445282807A5C4003A78C6 /* RealmSwift */,
				F5F4453128090BAC003A78C6 /* Toast */,
			);
			productName = DBSyncTest;
			productReference = A88782E32806C54700A643F2 /* DBSyncTest.app */;
			productType = "com.apple.product-type.application";
		};
/* End PBXNativeTarget section */

/* Begin PBXProject section */
		A88782DB2806C54700A643F2 /* Project object */ = {
			isa = PBXProject;
			attributes = {
				BuildIndependentTargetsInParallel = 1;
				LastSwiftUpdateCheck = 1310;
				LastUpgradeCheck = 1310;
				TargetAttributes = {
					A88782E22806C54700A643F2 = {
						CreatedOnToolsVersion = 13.1;
					};
				};
			};
			buildConfigurationList = A88782DE2806C54700A643F2 /* Build configuration list for PBXProject "DBSyncTest" */;
			compatibilityVersion = "Xcode 13.0";
			developmentRegion = en;
			hasScannedForEncodings = 0;
			knownRegions = (
				en,
				Base,
			);
			mainGroup = A88782DA2806C54700A643F2;
			packageReferences = (
				F5F445252807A5C4003A78C6 /* XCRemoteSwiftPackageReference "realm-swift" */,
				F5F4453028090BAC003A78C6 /* XCRemoteSwiftPackageReference "Toast-Swift" */,
			);
			productRefGroup = A88782E42806C54700A643F2 /* Products */;
			projectDirPath = "";
			projectRoot = "";
			targets = (
				A88782E22806C54700A643F2 /* DBSyncTest */,
			);
		};
/* End PBXProject section */

/* Begin PBXResourcesBuildPhase section */
		A88782E12806C54700A643F2 /* Resources */ = {
			isa = PBXResourcesBuildPhase;
			buildActionMask = 2147483647;
			files = (
				F5BD66DD280D432C00BEA14D /* labelmap.txt in Resources */,
				A88782F32806C54A00A643F2 /* LaunchScreen.storyboard in Resources */,
				A88782F02806C54A00A643F2 /* Assets.xcassets in Resources */,
				A88782EE2806C54700A643F2 /* Main.storyboard in Resources */,
				F5BD66DE280D432C00BEA14D /* detect.tflite in Resources */,
				F5BD66FE280D6E1B00BEA14D /* deeplabv3_257_mv_gpu.tflite in Resources */,
				F5BD66FF280D6E1B00BEA14D /* deeplabv3_labels.json in Resources */,
			);
			runOnlyForDeploymentPostprocessing = 0;
		};
/* End PBXResourcesBuildPhase section */

/* Begin PBXShellScriptBuildPhase section */
		5B7B75718B69B7CAEF304966 /* [CP] Check Pods Manifest.lock */ = {
			isa = PBXShellScriptBuildPhase;
			buildActionMask = 2147483647;
			files = (
			);
			inputFileListPaths = (
			);
			inputPaths = (
				"${PODS_PODFILE_DIR_PATH}/Podfile.lock",
				"${PODS_ROOT}/Manifest.lock",
			);
			name = "[CP] Check Pods Manifest.lock";
			outputFileListPaths = (
			);
			outputPaths = (
				"$(DERIVED_FILE_DIR)/Pods-DBSyncTest-checkManifestLockResult.txt",
			);
			runOnlyForDeploymentPostprocessing = 0;
			shellPath = /bin/sh;
			shellScript = "diff \"${PODS_PODFILE_DIR_PATH}/Podfile.lock\" \"${PODS_ROOT}/Manifest.lock\" > /dev/null\nif [ $? != 0 ] ; then\n    # print error to STDERR\n    echo \"error: The sandbox is not in sync with the Podfile.lock. Run 'pod install' or update your CocoaPods installation.\" >&2\n    exit 1\nfi\n# This output is used by Xcode 'outputs' to avoid re-running this script phase.\necho \"SUCCESS\" > \"${SCRIPT_OUTPUT_FILE_0}\"\n";
			showEnvVarsInLog = 0;
		};
/* End PBXShellScriptBuildPhase section */

/* Begin PBXSourcesBuildPhase section */
		A88782DF2806C54700A643F2 /* Sources */ = {
			isa = PBXSourcesBuildPhase;
			buildActionMask = 2147483647;
			files = (
				A88782EB2806C54700A643F2 /* ViewController.swift in Sources */,
				F5BD66F2280D5C8900BEA14D /* CGImagePropertyOrientation+UIImageOrientation.swift in Sources */,
				F5BD66FA280D6D0100BEA14D /* UIKitExtension.swift in Sources */,
				F5BD66FB280D6D0100BEA14D /* TFLiteExtension.swift in Sources */,
				A88782E72806C54700A643F2 /* AppDelegate.swift in Sources */,
				F5BD66E1280D43B200BEA14D /* CVPixelBufferExtension.swift in Sources */,
				A88782E92806C54700A643F2 /* SceneDelegate.swift in Sources */,
				F5BD66EF280D5C6700BEA14D /* ImagePredictor.swift in Sources */,
				F5BD66F3280D5C8900BEA14D /* VNClassificationObservation+confidenceString.swift in Sources */,
				A88783022806CEB100A643F2 /* DataBaseModel.swift in Sources */,
				A88783002806CB6A00A643F2 /* Queue.swift in Sources */,
				F5BD66E3280D43DF00BEA14D /* UIColorExtension.swift in Sources */,
				F5BD66EB280D5A6D00BEA14D /* YOLOv3Int8LUT.mlmodel in Sources */,
				A88783062806D14E00A643F2 /* RealmManager.swift in Sources */,
				F5BD66F7280D6BE900BEA14D /* ImageSegmentator.swift in Sources */,
				F5BD6701280D7EB700BEA14D /* UIImage.swift in Sources */,
				F5BD66F5280D645700BEA14D /* DeepLabV3Int8LUT.mlmodel in Sources */,
				A88783042806CFE900A643F2 /* QueueModel.swift in Sources */,
			);
			runOnlyForDeploymentPostprocessing = 0;
		};
/* End PBXSourcesBuildPhase section */

/* Begin PBXVariantGroup section */
		A88782EC2806C54700A643F2 /* Main.storyboard */ = {
			isa = PBXVariantGroup;
			children = (
				A88782ED2806C54700A643F2 /* Base */,
			);
			name = Main.storyboard;
			sourceTree = "<group>";
		};
		A88782F12806C54A00A643F2 /* LaunchScreen.storyboard */ = {
			isa = PBXVariantGroup;
			children = (
				A88782F22806C54A00A643F2 /* Base */,
			);
			name = LaunchScreen.storyboard;
			sourceTree = "<group>";
		};
/* End PBXVariantGroup section */

/* Begin XCBuildConfiguration section */
		A88782F52806C54A00A643F2 /* Debug */ = {
			isa = XCBuildConfiguration;
			buildSettings = {
				ALWAYS_SEARCH_USER_PATHS = NO;
				CLANG_ANALYZER_NONNULL = YES;
				CLANG_ANALYZER_NUMBER_OBJECT_CONVERSION = YES_AGGRESSIVE;
				CLANG_CXX_LANGUAGE_STANDARD = "gnu++17";
				CLANG_CXX_LIBRARY = "libc++";
				CLANG_ENABLE_MODULES = YES;
				CLANG_ENABLE_OBJC_ARC = YES;
				CLANG_ENABLE_OBJC_WEAK = YES;
				CLANG_WARN_BLOCK_CAPTURE_AUTORELEASING = YES;
				CLANG_WARN_BOOL_CONVERSION = YES;
				CLANG_WARN_COMMA = YES;
				CLANG_WARN_CONSTANT_CONVERSION = YES;
				CLANG_WARN_DEPRECATED_OBJC_IMPLEMENTATIONS = YES;
				CLANG_WARN_DIRECT_OBJC_ISA_USAGE = YES_ERROR;
				CLANG_WARN_DOCUMENTATION_COMMENTS = YES;
				CLANG_WARN_EMPTY_BODY = YES;
				CLANG_WARN_ENUM_CONVERSION = YES;
				CLANG_WARN_INFINITE_RECURSION = YES;
				CLANG_WARN_INT_CONVERSION = YES;
				CLANG_WARN_NON_LITERAL_NULL_CONVERSION = YES;
				CLANG_WARN_OBJC_IMPLICIT_RETAIN_SELF = YES;
				CLANG_WARN_OBJC_LITERAL_CONVERSION = YES;
				CLANG_WARN_OBJC_ROOT_CLASS = YES_ERROR;
				CLANG_WARN_QUOTED_INCLUDE_IN_FRAMEWORK_HEADER = YES;
				CLANG_WARN_RANGE_LOOP_ANALYSIS = YES;
				CLANG_WARN_STRICT_PROTOTYPES = YES;
				CLANG_WARN_SUSPICIOUS_MOVE = YES;
				CLANG_WARN_UNGUARDED_AVAILABILITY = YES_AGGRESSIVE;
				CLANG_WARN_UNREACHABLE_CODE = YES;
				CLANG_WARN__DUPLICATE_METHOD_MATCH = YES;
				COPY_PHASE_STRIP = NO;
				DEBUG_INFORMATION_FORMAT = dwarf;
				ENABLE_STRICT_OBJC_MSGSEND = YES;
				ENABLE_TESTABILITY = YES;
				GCC_C_LANGUAGE_STANDARD = gnu11;
				GCC_DYNAMIC_NO_PIC = NO;
				GCC_NO_COMMON_BLOCKS = YES;
				GCC_OPTIMIZATION_LEVEL = 0;
				GCC_PREPROCESSOR_DEFINITIONS = (
					"DEBUG=1",
					"$(inherited)",
				);
				GCC_WARN_64_TO_32_BIT_CONVERSION = YES;
				GCC_WARN_ABOUT_RETURN_TYPE = YES_ERROR;
				GCC_WARN_UNDECLARED_SELECTOR = YES;
				GCC_WARN_UNINITIALIZED_AUTOS = YES_AGGRESSIVE;
				GCC_WARN_UNUSED_FUNCTION = YES;
				GCC_WARN_UNUSED_VARIABLE = YES;
				IPHONEOS_DEPLOYMENT_TARGET = 15.0;
				MTL_ENABLE_DEBUG_INFO = INCLUDE_SOURCE;
				MTL_FAST_MATH = YES;
				ONLY_ACTIVE_ARCH = YES;
				SDKROOT = iphoneos;
				SWIFT_ACTIVE_COMPILATION_CONDITIONS = DEBUG;
				SWIFT_OPTIMIZATION_LEVEL = "-Onone";
			};
			name = Debug;
		};
		A88782F62806C54A00A643F2 /* Release */ = {
			isa = XCBuildConfiguration;
			buildSettings = {
				ALWAYS_SEARCH_USER_PATHS = NO;
				CLANG_ANALYZER_NONNULL = YES;
				CLANG_ANALYZER_NUMBER_OBJECT_CONVERSION = YES_AGGRESSIVE;
				CLANG_CXX_LANGUAGE_STANDARD = "gnu++17";
				CLANG_CXX_LIBRARY = "libc++";
				CLANG_ENABLE_MODULES = YES;
				CLANG_ENABLE_OBJC_ARC = YES;
				CLANG_ENABLE_OBJC_WEAK = YES;
				CLANG_WARN_BLOCK_CAPTURE_AUTORELEASING = YES;
				CLANG_WARN_BOOL_CONVERSION = YES;
				CLANG_WARN_COMMA = YES;
				CLANG_WARN_CONSTANT_CONVERSION = YES;
				CLANG_WARN_DEPRECATED_OBJC_IMPLEMENTATIONS = YES;
				CLANG_WARN_DIRECT_OBJC_ISA_USAGE = YES_ERROR;
				CLANG_WARN_DOCUMENTATION_COMMENTS = YES;
				CLANG_WARN_EMPTY_BODY = YES;
				CLANG_WARN_ENUM_CONVERSION = YES;
				CLANG_WARN_INFINITE_RECURSION = YES;
				CLANG_WARN_INT_CONVERSION = YES;
				CLANG_WARN_NON_LITERAL_NULL_CONVERSION = YES;
				CLANG_WARN_OBJC_IMPLICIT_RETAIN_SELF = YES;
				CLANG_WARN_OBJC_LITERAL_CONVERSION = YES;
				CLANG_WARN_OBJC_ROOT_CLASS = YES_ERROR;
				CLANG_WARN_QUOTED_INCLUDE_IN_FRAMEWORK_HEADER = YES;
				CLANG_WARN_RANGE_LOOP_ANALYSIS = YES;
				CLANG_WARN_STRICT_PROTOTYPES = YES;
				CLANG_WARN_SUSPICIOUS_MOVE = YES;
				CLANG_WARN_UNGUARDED_AVAILABILITY = YES_AGGRESSIVE;
				CLANG_WARN_UNREACHABLE_CODE = YES;
				CLANG_WARN__DUPLICATE_METHOD_MATCH = YES;
				COPY_PHASE_STRIP = NO;
				DEBUG_INFORMATION_FORMAT = "dwarf-with-dsym";
				ENABLE_NS_ASSERTIONS = NO;
				ENABLE_STRICT_OBJC_MSGSEND = YES;
				GCC_C_LANGUAGE_STANDARD = gnu11;
				GCC_NO_COMMON_BLOCKS = YES;
				GCC_WARN_64_TO_32_BIT_CONVERSION = YES;
				GCC_WARN_ABOUT_RETURN_TYPE = YES_ERROR;
				GCC_WARN_UNDECLARED_SELECTOR = YES;
				GCC_WARN_UNINITIALIZED_AUTOS = YES_AGGRESSIVE;
				GCC_WARN_UNUSED_FUNCTION = YES;
				GCC_WARN_UNUSED_VARIABLE = YES;
				IPHONEOS_DEPLOYMENT_TARGET = 15.0;
				MTL_ENABLE_DEBUG_INFO = NO;
				MTL_FAST_MATH = YES;
				SDKROOT = iphoneos;
				SWIFT_COMPILATION_MODE = wholemodule;
				SWIFT_OPTIMIZATION_LEVEL = "-O";
				VALIDATE_PRODUCT = YES;
			};
			name = Release;
		};
		A88782F82806C54A00A643F2 /* Debug */ = {
			isa = XCBuildConfiguration;
			baseConfigurationReference = 950353D849F93C990C035ADE /* Pods-DBSyncTest.debug.xcconfig */;
			buildSettings = {
				ASSETCATALOG_COMPILER_APPICON_NAME = AppIcon;
				ASSETCATALOG_COMPILER_GLOBAL_ACCENT_COLOR_NAME = AccentColor;
				CODE_SIGN_STYLE = Automatic;
				CURRENT_PROJECT_VERSION = 1;
				DEVELOPMENT_TEAM = ZMXTCSPNUZ;
				GENERATE_INFOPLIST_FILE = YES;
				INFOPLIST_FILE = DBSyncTest/Info.plist;
				INFOPLIST_KEY_NSPhotoLibraryAddUsageDescription = "사진 권한 가져감";
				INFOPLIST_KEY_NSPhotoLibraryUsageDescription = "사진 가져감";
				INFOPLIST_KEY_UIApplicationSupportsIndirectInputEvents = YES;
				INFOPLIST_KEY_UILaunchStoryboardName = LaunchScreen;
				INFOPLIST_KEY_UIMainStoryboardFile = Main;
				INFOPLIST_KEY_UISupportedInterfaceOrientations_iPad = "UIInterfaceOrientationPortrait UIInterfaceOrientationPortraitUpsideDown UIInterfaceOrientationLandscapeLeft UIInterfaceOrientationLandscapeRight";
				INFOPLIST_KEY_UISupportedInterfaceOrientations_iPhone = "UIInterfaceOrientationPortrait UIInterfaceOrientationLandscapeLeft UIInterfaceOrientationLandscapeRight";
				LD_RUNPATH_SEARCH_PATHS = (
					"$(inherited)",
					"@executable_path/Frameworks",
				);
				MARKETING_VERSION = 1.0;
				PRODUCT_BUNDLE_IDENTIFIER = storyboard.DBSyncTest;
				PRODUCT_NAME = "$(TARGET_NAME)";
				SWIFT_EMIT_LOC_STRINGS = YES;
				SWIFT_VERSION = 5.0;
				TARGETED_DEVICE_FAMILY = "1,2";
			};
			name = Debug;
		};
		A88782F92806C54A00A643F2 /* Release */ = {
			isa = XCBuildConfiguration;
			baseConfigurationReference = 5B070AE62583CED5CD06E731 /* Pods-DBSyncTest.release.xcconfig */;
			buildSettings = {
				ASSETCATALOG_COMPILER_APPICON_NAME = AppIcon;
				ASSETCATALOG_COMPILER_GLOBAL_ACCENT_COLOR_NAME = AccentColor;
				CODE_SIGN_STYLE = Automatic;
				CURRENT_PROJECT_VERSION = 1;
				DEVELOPMENT_TEAM = ZMXTCSPNUZ;
				GENERATE_INFOPLIST_FILE = YES;
				INFOPLIST_FILE = DBSyncTest/Info.plist;
				INFOPLIST_KEY_NSPhotoLibraryAddUsageDescription = "사진 권한 가져감";
				INFOPLIST_KEY_NSPhotoLibraryUsageDescription = "사진 가져감";
				INFOPLIST_KEY_UIApplicationSupportsIndirectInputEvents = YES;
				INFOPLIST_KEY_UILaunchStoryboardName = LaunchScreen;
				INFOPLIST_KEY_UIMainStoryboardFile = Main;
				INFOPLIST_KEY_UISupportedInterfaceOrientations_iPad = "UIInterfaceOrientationPortrait UIInterfaceOrientationPortraitUpsideDown UIInterfaceOrientationLandscapeLeft UIInterfaceOrientationLandscapeRight";
				INFOPLIST_KEY_UISupportedInterfaceOrientations_iPhone = "UIInterfaceOrientationPortrait UIInterfaceOrientationLandscapeLeft UIInterfaceOrientationLandscapeRight";
				LD_RUNPATH_SEARCH_PATHS = (
					"$(inherited)",
					"@executable_path/Frameworks",
				);
				MARKETING_VERSION = 1.0;
				PRODUCT_BUNDLE_IDENTIFIER = storyboard.DBSyncTest;
				PRODUCT_NAME = "$(TARGET_NAME)";
				SWIFT_EMIT_LOC_STRINGS = YES;
				SWIFT_VERSION = 5.0;
				TARGETED_DEVICE_FAMILY = "1,2";
			};
			name = Release;
		};
/* End XCBuildConfiguration section */

/* Begin XCConfigurationList section */
		A88782DE2806C54700A643F2 /* Build configuration list for PBXProject "DBSyncTest" */ = {
			isa = XCConfigurationList;
			buildConfigurations = (
				A88782F52806C54A00A643F2 /* Debug */,
				A88782F62806C54A00A643F2 /* Release */,
			);
			defaultConfigurationIsVisible = 0;
			defaultConfigurationName = Release;
		};
		A88782F72806C54A00A643F2 /* Build configuration list for PBXNativeTarget "DBSyncTest" */ = {
			isa = XCConfigurationList;
			buildConfigurations = (
				A88782F82806C54A00A643F2 /* Debug */,
				A88782F92806C54A00A643F2 /* Release */,
			);
			defaultConfigurationIsVisible = 0;
			defaultConfigurationName = Release;
		};
/* End XCConfigurationList section */

/* Begin XCRemoteSwiftPackageReference section */
		F5F445252807A5C4003A78C6 /* XCRemoteSwiftPackageReference "realm-swift" */ = {
			isa = XCRemoteSwiftPackageReference;
			repositoryURL = "https://github.com/realm/realm-swift.git";
			requirement = {
				kind = upToNextMajorVersion;
				minimumVersion = 10.25.0;
			};
		};
		F5F4453028090BAC003A78C6 /* XCRemoteSwiftPackageReference "Toast-Swift" */ = {
			isa = XCRemoteSwiftPackageReference;
			repositoryURL = "https://github.com/scalessec/Toast-Swift.git";
			requirement = {
				kind = upToNextMajorVersion;
				minimumVersion = 5.0.0;
			};
		};
/* End XCRemoteSwiftPackageReference section */

/* Begin XCSwiftPackageProductDependency section */
		F5F445262807A5C4003A78C6 /* Realm */ = {
			isa = XCSwiftPackageProductDependency;
			package = F5F445252807A5C4003A78C6 /* XCRemoteSwiftPackageReference "realm-swift" */;
			productName = Realm;
		};
		F5F445282807A5C4003A78C6 /* RealmSwift */ = {
			isa = XCSwiftPackageProductDependency;
			package = F5F445252807A5C4003A78C6 /* XCRemoteSwiftPackageReference "realm-swift" */;
			productName = RealmSwift;
		};
		F5F4453128090BAC003A78C6 /* Toast */ = {
			isa = XCSwiftPackageProductDependency;
			package = F5F4453028090BAC003A78C6 /* XCRemoteSwiftPackageReference "Toast-Swift" */;
			productName = Toast;
		};
/* End XCSwiftPackageProductDependency section */
	};
	rootObject = A88782DB2806C54700A643F2 /* Project object */;
}
